
Microsoft Visual Studio Solution File, Format Version 12.00
# Visual Studio Version 16
VisualStudioVersion = 16.0.29123.88
MinimumVisualStudioVersion = 10.0.40219.1
Project("{FAE04EC0-301F-11D3-BF4B-00C04F79EFBC}") = "Promotor", "Promotor.csproj", "{F2BC7D72-BAF1-45E2-84F7-FE2F2E6A91EB}"
EndProject
Global
	GlobalSection(SolutionConfigurationPlatforms) = preSolution
		Debug|Any CPU = Debug|Any CPU
		Release|Any CPU = Release|Any CPU
	EndGlobalSection
	GlobalSection(ProjectConfigurationPlatforms) = postSolution
		{F2BC7D72-BAF1-45E2-84F7-FE2F2E6A91EB}.Debug|Any CPU.ActiveCfg = Debug|Any CPU
		{F2BC7D72-BAF1-45E2-84F7-FE2F2E6A91EB}.Debug|Any CPU.Build.0 = Debug|Any CPU
		{F2BC7D72-BAF1-45E2-84F7-FE2F2E6A91EB}.Release|Any CPU.ActiveCfg = Release|Any CPU
		{F2BC7D72-BAF1-45E2-84F7-FE2F2E6A91EB}.Release|Any CPU.Build.0 = Release|Any CPU
	EndGlobalSection
	GlobalSection(SolutionProperties) = preSolution
		HideSolutionNode = FALSE
	EndGlobalSection
	GlobalSection(ExtensibilityGlobals) = postSolution
		SolutionGuid = {F781B78A-C461-4B47-82A7-122222CF9170}
	EndGlobalSection
EndGlobal
