
Microsoft Visual Studio Solution File, Format Version 12.00
# Visual Studio Version 16
VisualStudioVersion = 16.0.29123.88
MinimumVisualStudioVersion = 10.0.40219.1
Project("{FAE04EC0-301F-11D3-BF4B-00C04F79EFBC}") = "Wirtualny_dziekanat", "Wirtualny_dziekanat.csproj", "{FB620820-B13F-4F96-A62F-49742D657A8A}"
EndProject
Global
	GlobalSection(SolutionConfigurationPlatforms) = preSolution
		Debug|Any CPU = Debug|Any CPU
		Release|Any CPU = Release|Any CPU
	EndGlobalSection
	GlobalSection(ProjectConfigurationPlatforms) = postSolution
		{FB620820-B13F-4F96-A62F-49742D657A8A}.Debug|Any CPU.ActiveCfg = Debug|Any CPU
		{FB620820-B13F-4F96-A62F-49742D657A8A}.Debug|Any CPU.Build.0 = Debug|Any CPU
		{FB620820-B13F-4F96-A62F-49742D657A8A}.Release|Any CPU.ActiveCfg = Release|Any CPU
		{FB620820-B13F-4F96-A62F-49742D657A8A}.Release|Any CPU.Build.0 = Release|Any CPU
	EndGlobalSection
	GlobalSection(SolutionProperties) = preSolution
		HideSolutionNode = FALSE
	EndGlobalSection
	GlobalSection(ExtensibilityGlobals) = postSolution
		SolutionGuid = {F566D484-3C7F-4B34-B134-DA590AA07E48}
	EndGlobalSection
EndGlobal
